
Microsoft Visual Studio Solution File, Format Version 12.00
# Visual Studio Version 16
VisualStudioVersion = 16.0.31410.357
MinimumVisualStudioVersion = 10.0.40219.1
Project("{9A19103F-16F7-4668-BE54-9A1E7A4F7556}") = "JsonDataTreeVisualizer", "JsonDataTreeVisualizer\JsonDataTreeVisualizer.csproj", "{201551DF-0B59-4BE9-8F31-8099BFF3520C}"
EndProject
Project("{9A19103F-16F7-4668-BE54-9A1E7A4F7556}") = "JsonTreeParser", "JsonTreeParser\JsonTreeParser.csproj", "{3E97DBCD-B55D-4A50-A424-A8A6312F5926}"
EndProject
Global
	GlobalSection(SolutionConfigurationPlatforms) = preSolution
		Debug|Any CPU = Debug|Any CPU
		Release|Any CPU = Release|Any CPU
	EndGlobalSection
	GlobalSection(ProjectConfigurationPlatforms) = postSolution
		{201551DF-0B59-4BE9-8F31-8099BFF3520C}.Debug|Any CPU.ActiveCfg = Debug|Any CPU
		{201551DF-0B59-4BE9-8F31-8099BFF3520C}.Debug|Any CPU.Build.0 = Debug|Any CPU
		{201551DF-0B59-4BE9-8F31-8099BFF3520C}.Release|Any CPU.ActiveCfg = Release|Any CPU
		{201551DF-0B59-4BE9-8F31-8099BFF3520C}.Release|Any CPU.Build.0 = Release|Any CPU
		{3E97DBCD-B55D-4A50-A424-A8A6312F5926}.Debug|Any CPU.ActiveCfg = Debug|Any CPU
		{3E97DBCD-B55D-4A50-A424-A8A6312F5926}.Debug|Any CPU.Build.0 = Debug|Any CPU
		{3E97DBCD-B55D-4A50-A424-A8A6312F5926}.Release|Any CPU.ActiveCfg = Release|Any CPU
		{3E97DBCD-B55D-4A50-A424-A8A6312F5926}.Release|Any CPU.Build.0 = Release|Any CPU
	EndGlobalSection
	GlobalSection(SolutionProperties) = preSolution
		HideSolutionNode = FALSE
	EndGlobalSection
	GlobalSection(ExtensibilityGlobals) = postSolution
		SolutionGuid = {420CFF1E-1DBC-495E-9BE8-B8A988AA4B5D}
	EndGlobalSection
EndGlobal
